
Microsoft Visual Studio Solution File, Format Version 12.00
# Visual Studio 15
VisualStudioVersion = 15.0.28307.106
MinimumVisualStudioVersion = 10.0.40219.1
Project("{8BC9CEB8-8B4A-11D0-8D11-00A0C91BC942}") = "stackoverflow", "stackoverflow\stackoverflow.vcxproj", "{BAC922D9-D9C5-4C62-8246-D874E28D7DB2}"
EndProject
Global
	GlobalSection(SolutionConfigurationPlatforms) = preSolution
		Debug|x64 = Debug|x64
		Debug|x86 = Debug|x86
		Release|x64 = Release|x64
		Release|x86 = Release|x86
	EndGlobalSection
	GlobalSection(ProjectConfigurationPlatforms) = postSolution
		{BAC922D9-D9C5-4C62-8246-D874E28D7DB2}.Debug|x64.ActiveCfg = Debug|x64
		{BAC922D9-D9C5-4C62-8246-D874E28D7DB2}.Debug|x64.Build.0 = Debug|x64
		{BAC922D9-D9C5-4C62-8246-D874E28D7DB2}.Debug|x86.ActiveCfg = Debug|Win32
		{BAC922D9-D9C5-4C62-8246-D874E28D7DB2}.Debug|x86.Build.0 = Debug|Win32
		{BAC922D9-D9C5-4C62-8246-D874E28D7DB2}.Release|x64.ActiveCfg = Release|x64
		{BAC922D9-D9C5-4C62-8246-D874E28D7DB2}.Release|x64.Build.0 = Release|x64
		{BAC922D9-D9C5-4C62-8246-D874E28D7DB2}.Release|x86.ActiveCfg = Release|Win32
		{BAC922D9-D9C5-4C62-8246-D874E28D7DB2}.Release|x86.Build.0 = Release|Win32
	EndGlobalSection
	GlobalSection(SolutionProperties) = preSolution
		HideSolutionNode = FALSE
	EndGlobalSection
	GlobalSection(ExtensibilityGlobals) = postSolution
		SolutionGuid = {D7354BFF-66B6-4B1D-BA67-CBEAA526A849}
	EndGlobalSection
EndGlobal
